// !$*UTF8*$!
{
	archiveVersion = 1;
	classes = {
	};
	objectVersion = 50;
	objects = {

/* Begin PBXBuildFile section */
		F4613CF425EE82EC000AEEC9 /* AppDelegate.swift in Sources */ = {isa = PBXBuildFile; fileRef = F4613CF325EE82EC000AEEC9 /* AppDelegate.swift */; };
		F4613CF625EE82EC000AEEC9 /* SceneDelegate.swift in Sources */ = {isa = PBXBuildFile; fileRef = F4613CF525EE82EC000AEEC9 /* SceneDelegate.swift */; };
		F4613CF825EE82EC000AEEC9 /* ViewController.swift in Sources */ = {isa = PBXBuildFile; fileRef = F4613CF725EE82EC000AEEC9 /* ViewController.swift */; };
		F4613CFB25EE82EC000AEEC9 /* Main.storyboard in Resources */ = {isa = PBXBuildFile; fileRef = F4613CF925EE82EC000AEEC9 /* Main.storyboard */; };
		F4613CFD25EE82EF000AEEC9 /* Assets.xcassets in Resources */ = {isa = PBXBuildFile; fileRef = F4613CFC25EE82EF000AEEC9 /* Assets.xcassets */; };
		F4613D0025EE82EF000AEEC9 /* LaunchScreen.storyboard in Resources */ = {isa = PBXBuildFile; fileRef = F4613CFE25EE82EF000AEEC9 /* LaunchScreen.storyboard */; };
/* End PBXBuildFile section */

/* Begin PBXFileReference section */
		F4613CF025EE82EC000AEEC9 /* TaskIt!.app */ = {isa = PBXFileReference; explicitFileType = wrapper.application; includeInIndex = 0; path = "TaskIt!.app"; sourceTree = BUILT_PRODUCTS_DIR; };
		F4613CF325EE82EC000AEEC9 /* AppDelegate.swift */ = {isa = PBXFileReference; lastKnownFileType = sourcecode.swift; path = AppDelegate.swift; sourceTree = "<group>"; };
		F4613CF525EE82EC000AEEC9 /* SceneDelegate.swift */ = {isa = PBXFileReference; lastKnownFileType = sourcecode.swift; path = SceneDelegate.swift; sourceTree = "<group>"; };
		F4613CF725EE82EC000AEEC9 /* ViewController.swift */ = {isa = PBXFileReference; lastKnownFileType = sourcecode.swift; path = ViewController.swift; sourceTree = "<group>"; };
		F4613CFA25EE82EC000AEEC9 /* Base */ = {isa = PBXFileReference; lastKnownFileType = file.storyboard; name = Base; path = Base.lproj/Main.storyboard; sourceTree = "<group>"; };
		F4613CFC25EE82EF000AEEC9 /* Assets.xcassets */ = {isa = PBXFileReference; lastKnownFileType = folder.assetcatalog; path = Assets.xcassets; sourceTree = "<group>"; };
		F4613CFF25EE82EF000AEEC9 /* Base */ = {isa = PBXFileReference; lastKnownFileType = file.storyboard; name = Base; path = Base.lproj/LaunchScreen.storyboard; sourceTree = "<group>"; };
		F4613D0125EE82EF000AEEC9 /* Info.plist */ = {isa = PBXFileReference; lastKnownFileType = text.plist.xml; path = Info.plist; sourceTree = "<group>"; };
/* End PBXFileReference section */

/* Begin PBXFrameworksBuildPhase section */
		F4613CED25EE82EC000AEEC9 /* Frameworks */ = {
			isa = PBXFrameworksBuildPhase;
			buildActionMask = 2147483647;
			files = (
			);
			runOnlyForDeploymentPostprocessing = 0;
		};
/* End PBXFrameworksBuildPhase section */

/* Begin PBXGroup section */
		F4613CE725EE82EC000AEEC9 = {
			isa = PBXGroup;
			children = (
				F4613CF225EE82EC000AEEC9 /* TaskIt! */,
				F4613CF125EE82EC000AEEC9 /* Products */,
			);
			sourceTree = "<group>";
		};
		F4613CF125EE82EC000AEEC9 /* Products */ = {
			isa = PBXGroup;
			children = (
				F4613CF025EE82EC000AEEC9 /* TaskIt!.app */,
			);
			name = Products;
			sourceTree = "<group>";
		};
		F4613CF225EE82EC000AEEC9 /* TaskIt! */ = {
			isa = PBXGroup;
			children = (
				F4613CF325EE82EC000AEEC9 /* AppDelegate.swift */,
				F4613CF525EE82EC000AEEC9 /* SceneDelegate.swift */,
				F4613CF725EE82EC000AEEC9 /* ViewController.swift */,
				F4613CF925EE82EC000AEEC9 /* Main.storyboard */,
				F4613CFC25EE82EF000AEEC9 /* Assets.xcassets */,
				F4613CFE25EE82EF000AEEC9 /* LaunchScreen.storyboard */,
				F4613D0125EE82EF000AEEC9 /* Info.plist */,
			);
			path = "TaskIt!";
			sourceTree = "<group>";
		};
/* End PBXGroup section */

/* Begin PBXNativeTarget section */
		F4613CEF25EE82EC000AEEC9 /* TaskIt! */ = {
			isa = PBXNativeTarget;
			buildConfigurationList = F4613D0425EE82EF000AEEC9 /* Build configuration list for PBXNativeTarget "TaskIt!" */;
			buildPhases = (
				F4613CEC25EE82EC000AEEC9 /* Sources */,
				F4613CED25EE82EC000AEEC9 /* Frameworks */,
				F4613CEE25EE82EC000AEEC9 /* Resources */,
			);
			buildRules = (
			);
			dependencies = (
			);
			name = "TaskIt!";
			productName = "TaskIt!";
			productReference = F4613CF025EE82EC000AEEC9 /* TaskIt!.app */;
			productType = "com.apple.product-type.application";
		};
/* End PBXNativeTarget section */

/* Begin PBXProject section */
		F4613CE825EE82EC000AEEC9 /* Project object */ = {
			isa = PBXProject;
			attributes = {
				LastSwiftUpdateCheck = 1240;
				LastUpgradeCheck = 1240;
				TargetAttributes = {
					F4613CEF25EE82EC000AEEC9 = {
						CreatedOnToolsVersion = 12.4;
					};
				};
			};
			buildConfigurationList = F4613CEB25EE82EC000AEEC9 /* Build configuration list for PBXProject "TaskIt!" */;
			compatibilityVersion = "Xcode 9.3";
			developmentRegion = en;
			hasScannedForEncodings = 0;
			knownRegions = (
				en,
				Base,
			);
			mainGroup = F4613CE725EE82EC000AEEC9;
			productRefGroup = F4613CF125EE82EC000AEEC9 /* Products */;
			projectDirPath = "";
			projectRoot = "";
			targets = (
				F4613CEF25EE82EC000AEEC9 /* TaskIt! */,
			);
		};
/* End PBXProject section */

/* Begin PBXResourcesBuildPhase section */
		F4613CEE25EE82EC000AEEC9 /* Resources */ = {
			isa = PBXResourcesBuildPhase;
			buildActionMask = 2147483647;
			files = (
				F4613D0025EE82EF000AEEC9 /* LaunchScreen.storyboard in Resources */,
				F4613CFD25EE82EF000AEEC9 /* Assets.xcassets in Resources */,
				F4613CFB25EE82EC000AEEC9 /* Main.storyboard in Resources */,
			);
			runOnlyForDeploymentPostprocessing = 0;
		};
/* End PBXResourcesBuildPhase section */

/* Begin PBXSourcesBuildPhase section */
		F4613CEC25EE82EC000AEEC9 /* Sources */ = {
			isa = PBXSourcesBuildPhase;
			buildActionMask = 2147483647;
			files = (
				F4613CF825EE82EC000AEEC9 /* ViewController.swift in Sources */,
				F4613CF425EE82EC000AEEC9 /* AppDelegate.swift in Sources */,
				F4613CF625EE82EC000AEEC9 /* SceneDelegate.swift in Sources */,
			);
			runOnlyForDeploymentPostprocessing = 0;
		};
/* End PBXSourcesBuildPhase section */

/* Begin PBXVariantGroup section */
		F4613CF925EE82EC000AEEC9 /* Main.storyboard */ = {
			isa = PBXVariantGroup;
			children = (
				F4613CFA25EE82EC000AEEC9 /* Base */,
			);
			name = Main.storyboard;
			sourceTree = "<group>";
		};
		F4613CFE25EE82EF000AEEC9 /* LaunchScreen.storyboard */ = {
			isa = PBXVariantGroup;
			children = (
				F4613CFF25EE82EF000AEEC9 /* Base */,
			);
			name = LaunchScreen.storyboard;
			sourceTree = "<group>";
		};
/* End PBXVariantGroup section */

/* Begin XCBuildConfiguration section */
		F4613D0225EE82EF000AEEC9 /* Debug */ = {
			isa = XCBuildConfiguration;
			buildSettings = {
				ALWAYS_SEARCH_USER_PATHS = NO;
				CLANG_ANALYZER_NONNULL = YES;
				CLANG_ANALYZER_NUMBER_OBJECT_CONVERSION = YES_AGGRESSIVE;
				CLANG_CXX_LANGUAGE_STANDARD = "gnu++14";
				CLANG_CXX_LIBRARY = "libc++";
				CLANG_ENABLE_MODULES = YES;
				CLANG_ENABLE_OBJC_ARC = YES;
				CLANG_ENABLE_OBJC_WEAK = YES;
				CLANG_WARN_BLOCK_CAPTURE_AUTORELEASING = YES;
				CLANG_WARN_BOOL_CONVERSION = YES;
				CLANG_WARN_COMMA = YES;
				CLANG_WARN_CONSTANT_CONVERSION = YES;
				CLANG_WARN_DEPRECATED_OBJC_IMPLEMENTATIONS = YES;
				CLANG_WARN_DIRECT_OBJC_ISA_USAGE = YES_ERROR;
				CLANG_WARN_DOCUMENTATION_COMMENTS = YES;
				CLANG_WARN_EMPTY_BODY = YES;
				CLANG_WARN_ENUM_CONVERSION = YES;
				CLANG_WARN_INFINITE_RECURSION = YES;
				CLANG_WARN_INT_CONVERSION = YES;
				CLANG_WARN_NON_LITERAL_NULL_CONVERSION = YES;
				CLANG_WARN_OBJC_IMPLICIT_RETAIN_SELF = YES;
				CLANG_WARN_OBJC_LITERAL_CONVERSION = YES;
				CLANG_WARN_OBJC_ROOT_CLASS = YES_ERROR;
				CLANG_WARN_QUOTED_INCLUDE_IN_FRAMEWORK_HEADER = YES;
				CLANG_WARN_RANGE_LOOP_ANALYSIS = YES;
				CLANG_WARN_STRICT_PROTOTYPES = YES;
				CLANG_WARN_SUSPICIOUS_MOVE = YES;
				CLANG_WARN_UNGUARDED_AVAILABILITY = YES_AGGRESSIVE;
				CLANG_WARN_UNREACHABLE_CODE = YES;
				CLANG_WARN__DUPLICATE_METHOD_MATCH = YES;
				COPY_PHASE_STRIP = NO;
				DEBUG_INFORMATION_FORMAT = dwarf;
				ENABLE_STRICT_OBJC_MSGSEND = YES;
				ENABLE_TESTABILITY = YES;
				GCC_C_LANGUAGE_STANDARD = gnu11;
				GCC_DYNAMIC_NO_PIC = NO;
				GCC_NO_COMMON_BLOCKS = YES;
				GCC_OPTIMIZATION_LEVEL = 0;
				GCC_PREPROCESSOR_DEFINITIONS = (
					"DEBUG=1",
					"$(inherited)",
				);
				GCC_WARN_64_TO_32_BIT_CONVERSION = YES;
				GCC_WARN_ABOUT_RETURN_TYPE = YES_ERROR;
				GCC_WARN_UNDECLARED_SELECTOR = YES;
				GCC_WARN_UNINITIALIZED_AUTOS = YES_AGGRESSIVE;
				GCC_WARN_UNUSED_FUNCTION = YES;
				GCC_WARN_UNUSED_VARIABLE = YES;
				IPHONEOS_DEPLOYMENT_TARGET = 14.4;
				MTL_ENABLE_DEBUG_INFO = INCLUDE_SOURCE;
				MTL_FAST_MATH = YES;
				ONLY_ACTIVE_ARCH = YES;
				SDKROOT = iphoneos;
				SWIFT_ACTIVE_COMPILATION_CONDITIONS = DEBUG;
				SWIFT_OPTIMIZATION_LEVEL = "-Onone";
			};
			name = Debug;
		};
		F4613D0325EE82EF000AEEC9 /* Release */ = {
			isa = XCBuildConfiguration;
			buildSettings = {
				ALWAYS_SEARCH_USER_PATHS = NO;
				CLANG_ANALYZER_NONNULL = YES;
				CLANG_ANALYZER_NUMBER_OBJECT_CONVERSION = YES_AGGRESSIVE;
				CLANG_CXX_LANGUAGE_STANDARD = "gnu++14";
				CLANG_CXX_LIBRARY = "libc++";
				CLANG_ENABLE_MODULES = YES;
				CLANG_ENABLE_OBJC_ARC = YES;
				CLANG_ENABLE_OBJC_WEAK = YES;
				CLANG_WARN_BLOCK_CAPTURE_AUTORELEASING = YES;
				CLANG_WARN_BOOL_CONVERSION = YES;
				CLANG_WARN_COMMA = YES;
				CLANG_WARN_CONSTANT_CONVERSION = YES;
				CLANG_WARN_DEPRECATED_OBJC_IMPLEMENTATIONS = YES;
				CLANG_WARN_DIRECT_OBJC_ISA_USAGE = YES_ERROR;
				CLANG_WARN_DOCUMENTATION_COMMENTS = YES;
				CLANG_WARN_EMPTY_BODY = YES;
				CLANG_WARN_ENUM_CONVERSION = YES;
				CLANG_WARN_INFINITE_RECURSION = YES;
				CLANG_WARN_INT_CONVERSION = YES;
				CLANG_WARN_NON_LITERAL_NULL_CONVERSION = YES;
				CLANG_WARN_OBJC_IMPLICIT_RETAIN_SELF = YES;
				CLANG_WARN_OBJC_LITERAL_CONVERSION = YES;
				CLANG_WARN_OBJC_ROOT_CLASS = YES_ERROR;
				CLANG_WARN_QUOTED_INCLUDE_IN_FRAMEWORK_HEADER = YES;
				CLANG_WARN_RANGE_LOOP_ANALYSIS = YES;
				CLANG_WARN_STRICT_PROTOTYPES = YES;
				CLANG_WARN_SUSPICIOUS_MOVE = YES;
				CLANG_WARN_UNGUARDED_AVAILABILITY = YES_AGGRESSIVE;
				CLANG_WARN_UNREACHABLE_CODE = YES;
				CLANG_WARN__DUPLICATE_METHOD_MATCH = YES;
				COPY_PHASE_STRIP = NO;
				DEBUG_INFORMATION_FORMAT = "dwarf-with-dsym";
				ENABLE_NS_ASSERTIONS = NO;
				ENABLE_STRICT_OBJC_MSGSEND = YES;
				GCC_C_LANGUAGE_STANDARD = gnu11;
				GCC_NO_COMMON_BLOCKS = YES;
				GCC_WARN_64_TO_32_BIT_CONVERSION = YES;
				GCC_WARN_ABOUT_RETURN_TYPE = YES_ERROR;
				GCC_WARN_UNDECLARED_SELECTOR = YES;
				GCC_WARN_UNINITIALIZED_AUTOS = YES_AGGRESSIVE;
				GCC_WARN_UNUSED_FUNCTION = YES;
				GCC_WARN_UNUSED_VARIABLE = YES;
				IPHONEOS_DEPLOYMENT_TARGET = 14.4;
				MTL_ENABLE_DEBUG_INFO = NO;
				MTL_FAST_MATH = YES;
				SDKROOT = iphoneos;
				SWIFT_COMPILATION_MODE = wholemodule;
				SWIFT_OPTIMIZATION_LEVEL = "-O";
				VALIDATE_PRODUCT = YES;
			};
			name = Release;
		};
		F4613D0525EE82EF000AEEC9 /* Debug */ = {
			isa = XCBuildConfiguration;
			buildSettings = {
				ASSETCATALOG_COMPILER_APPICON_NAME = AppIcon;
				ASSETCATALOG_COMPILER_GLOBAL_ACCENT_COLOR_NAME = AccentColor;
				CODE_SIGN_STYLE = Automatic;
				INFOPLIST_FILE = "TaskIt!/Info.plist";
				LD_RUNPATH_SEARCH_PATHS = (
					"$(inherited)",
					"@executable_path/Frameworks",
				);
				PRODUCT_BUNDLE_IDENTIFIER = "com.CarlSciz.TaskIt-";
				PRODUCT_NAME = "$(TARGET_NAME)";
				SWIFT_VERSION = 5.0;
				TARGETED_DEVICE_FAMILY = "1,2";
			};
			name = Debug;
		};
		F4613D0625EE82EF000AEEC9 /* Release */ = {
			isa = XCBuildConfiguration;
			buildSettings = {
				ASSETCATALOG_COMPILER_APPICON_NAME = AppIcon;
				ASSETCATALOG_COMPILER_GLOBAL_ACCENT_COLOR_NAME = AccentColor;
				CODE_SIGN_STYLE = Automatic;
				INFOPLIST_FILE = "TaskIt!/Info.plist";
				LD_RUNPATH_SEARCH_PATHS = (
					"$(inherited)",
					"@executable_path/Frameworks",
				);
				PRODUCT_BUNDLE_IDENTIFIER = "com.CarlSciz.TaskIt-";
				PRODUCT_NAME = "$(TARGET_NAME)";
				SWIFT_VERSION = 5.0;
				TARGETED_DEVICE_FAMILY = "1,2";
			};
			name = Release;
		};
/* End XCBuildConfiguration section */

/* Begin XCConfigurationList section */
		F4613CEB25EE82EC000AEEC9 /* Build configuration list for PBXProject "TaskIt!" */ = {
			isa = XCConfigurationList;
			buildConfigurations = (
				F4613D0225EE82EF000AEEC9 /* Debug */,
				F4613D0325EE82EF000AEEC9 /* Release */,
			);
			defaultConfigurationIsVisible = 0;
			defaultConfigurationName = Release;
		};
		F4613D0425EE82EF000AEEC9 /* Build configuration list for PBXNativeTarget "TaskIt!" */ = {
			isa = XCConfigurationList;
			buildConfigurations = (
				F4613D0525EE82EF000AEEC9 /* Debug */,
				F4613D0625EE82EF000AEEC9 /* Release */,
			);
			defaultConfigurationIsVisible = 0;
			defaultConfigurationName = Release;
		};
/* End XCConfigurationList section */
	};
	rootObject = F4613CE825EE82EC000AEEC9 /* Project object */;
}
